// !$*UTF8*$!
{
	archiveVersion = 1;
	classes = {
	};
	objectVersion = 50;
	objects = {

/* Begin PBXBuildFile section */
		5AD5BD955E0483DBDE8329DD /* Pods_ProjectCup.framework in Frameworks */ = {isa = PBXBuildFile; fileRef = 258A6484111DF757C95F63A4 /* Pods_ProjectCup.framework */; };
		7B1BAA2764F6E0D8009433C1 /* Pods_ProjectCupUITests.framework in Frameworks */ = {isa = PBXBuildFile; fileRef = DE08F0D286D2E5960B63C640 /* Pods_ProjectCupUITests.framework */; };
		BB17C3EF21FE5FCC006C9623 /* SettingController.swift in Sources */ = {isa = PBXBuildFile; fileRef = BB17C3EE21FE5FCC006C9623 /* SettingController.swift */; };
		BB17C3F821FF6619006C9623 /* CellController.swift in Sources */ = {isa = PBXBuildFile; fileRef = BB17C3F721FF6619006C9623 /* CellController.swift */; };
		BB3002DD21F42F50009D7519 /* AppDelegate.swift in Sources */ = {isa = PBXBuildFile; fileRef = BB3002DC21F42F50009D7519 /* AppDelegate.swift */; };
		BB3002DF21F42F50009D7519 /* LoginController.swift in Sources */ = {isa = PBXBuildFile; fileRef = BB3002DE21F42F50009D7519 /* LoginController.swift */; };
		BB3002E421F42F52009D7519 /* Assets.xcassets in Resources */ = {isa = PBXBuildFile; fileRef = BB3002E321F42F52009D7519 /* Assets.xcassets */; };
		BB3002E721F42F52009D7519 /* LaunchScreen.storyboard in Resources */ = {isa = PBXBuildFile; fileRef = BB3002E521F42F52009D7519 /* LaunchScreen.storyboard */; };
		BB3002F221F42F52009D7519 /* ProjectCupTests.swift in Sources */ = {isa = PBXBuildFile; fileRef = BB3002F121F42F52009D7519 /* ProjectCupTests.swift */; };
		BB3002FD21F42F52009D7519 /* ProjectCupUITests.swift in Sources */ = {isa = PBXBuildFile; fileRef = BB3002FC21F42F52009D7519 /* ProjectCupUITests.swift */; };
		BB30030B21F42F91009D7519 /* RegisterController.swift in Sources */ = {isa = PBXBuildFile; fileRef = BB30030A21F42F91009D7519 /* RegisterController.swift */; };
		BB30030E21F430D1009D7519 /* MessagesController.swift in Sources */ = {isa = PBXBuildFile; fileRef = BB30030D21F430D1009D7519 /* MessagesController.swift */; };
		BB30031921F43266009D7519 /* GoogleService-Info.plist in Resources */ = {isa = PBXBuildFile; fileRef = BB30031821F43266009D7519 /* GoogleService-Info.plist */; };
		BB30031D21FD3B5C009D7519 /* NewMessageController.swift in Sources */ = {isa = PBXBuildFile; fileRef = BB30031C21FD3B5C009D7519 /* NewMessageController.swift */; };
		BB30031F21FD3BDE009D7519 /* testNewMessageController.swift in Sources */ = {isa = PBXBuildFile; fileRef = BB30031E21FD3BDE009D7519 /* testNewMessageController.swift */; };
		BB30032221FD3DD4009D7519 /* User.swift in Sources */ = {isa = PBXBuildFile; fileRef = BB30032121FD3DD4009D7519 /* User.swift */; };
		BB30032521FD589F009D7519 /* Cells.swift in Sources */ = {isa = PBXBuildFile; fileRef = BB30032421FD589E009D7519 /* Cells.swift */; };
		DA4EA3A6CEADCA64E403993D /* Pods_ProjectCupTests.framework in Frameworks */ = {isa = PBXBuildFile; fileRef = CBF8664AF8352A4D11B9F02F /* Pods_ProjectCupTests.framework */; };
/* End PBXBuildFile section */

/* Begin PBXContainerItemProxy section */
		BB3002EE21F42F52009D7519 /* PBXContainerItemProxy */ = {
			isa = PBXContainerItemProxy;
			containerPortal = BB3002D121F42F50009D7519 /* Project object */;
			proxyType = 1;
			remoteGlobalIDString = BB3002D821F42F50009D7519;
			remoteInfo = ProjectCup;
		};
		BB3002F921F42F52009D7519 /* PBXContainerItemProxy */ = {
			isa = PBXContainerItemProxy;
			containerPortal = BB3002D121F42F50009D7519 /* Project object */;
			proxyType = 1;
			remoteGlobalIDString = BB3002D821F42F50009D7519;
			remoteInfo = ProjectCup;
		};
/* End PBXContainerItemProxy section */

/* Begin PBXFileReference section */
		1E1A92CFCCF1D1C38A3CEE04 /* Pods-ProjectCupUITests.debug.xcconfig */ = {isa = PBXFileReference; includeInIndex = 1; lastKnownFileType = text.xcconfig; name = "Pods-ProjectCupUITests.debug.xcconfig"; path = "Pods/Target Support Files/Pods-ProjectCupUITests/Pods-ProjectCupUITests.debug.xcconfig"; sourceTree = "<group>"; };
		258A6484111DF757C95F63A4 /* Pods_ProjectCup.framework */ = {isa = PBXFileReference; explicitFileType = wrapper.framework; includeInIndex = 0; path = Pods_ProjectCup.framework; sourceTree = BUILT_PRODUCTS_DIR; };
		390A65A6FD0D24A308ED8308 /* Pods-ProjectCup.debug.xcconfig */ = {isa = PBXFileReference; includeInIndex = 1; lastKnownFileType = text.xcconfig; name = "Pods-ProjectCup.debug.xcconfig"; path = "Pods/Target Support Files/Pods-ProjectCup/Pods-ProjectCup.debug.xcconfig"; sourceTree = "<group>"; };
		94A537E217ED2D897711F768 /* Pods-ProjectCupTests.release.xcconfig */ = {isa = PBXFileReference; includeInIndex = 1; lastKnownFileType = text.xcconfig; name = "Pods-ProjectCupTests.release.xcconfig"; path = "Pods/Target Support Files/Pods-ProjectCupTests/Pods-ProjectCupTests.release.xcconfig"; sourceTree = "<group>"; };
		B1C5EDED0073A12BA3AB754A /* Pods-ProjectCupUITests.release.xcconfig */ = {isa = PBXFileReference; includeInIndex = 1; lastKnownFileType = text.xcconfig; name = "Pods-ProjectCupUITests.release.xcconfig"; path = "Pods/Target Support Files/Pods-ProjectCupUITests/Pods-ProjectCupUITests.release.xcconfig"; sourceTree = "<group>"; };
		B59621434E99519BA165D8C3 /* Pods-ProjectCupTests.debug.xcconfig */ = {isa = PBXFileReference; includeInIndex = 1; lastKnownFileType = text.xcconfig; name = "Pods-ProjectCupTests.debug.xcconfig"; path = "Pods/Target Support Files/Pods-ProjectCupTests/Pods-ProjectCupTests.debug.xcconfig"; sourceTree = "<group>"; };
		BB17C3EE21FE5FCC006C9623 /* SettingController.swift */ = {isa = PBXFileReference; lastKnownFileType = sourcecode.swift; path = SettingController.swift; sourceTree = "<group>"; };
		BB17C3F721FF6619006C9623 /* CellController.swift */ = {isa = PBXFileReference; lastKnownFileType = sourcecode.swift; path = CellController.swift; sourceTree = "<group>"; };
		BB3002D921F42F50009D7519 /* ProjectCup.app */ = {isa = PBXFileReference; explicitFileType = wrapper.application; includeInIndex = 0; path = ProjectCup.app; sourceTree = BUILT_PRODUCTS_DIR; };
		BB3002DC21F42F50009D7519 /* AppDelegate.swift */ = {isa = PBXFileReference; lastKnownFileType = sourcecode.swift; path = AppDelegate.swift; sourceTree = "<group>"; };
		BB3002DE21F42F50009D7519 /* LoginController.swift */ = {isa = PBXFileReference; lastKnownFileType = sourcecode.swift; path = LoginController.swift; sourceTree = "<group>"; };
		BB3002E321F42F52009D7519 /* Assets.xcassets */ = {isa = PBXFileReference; lastKnownFileType = folder.assetcatalog; path = Assets.xcassets; sourceTree = "<group>"; };
		BB3002E621F42F52009D7519 /* Base */ = {isa = PBXFileReference; lastKnownFileType = file.storyboard; name = Base; path = Base.lproj/LaunchScreen.storyboard; sourceTree = "<group>"; };
		BB3002E821F42F52009D7519 /* Info.plist */ = {isa = PBXFileReference; lastKnownFileType = text.plist.xml; path = Info.plist; sourceTree = "<group>"; };
		BB3002ED21F42F52009D7519 /* ProjectCupTests.xctest */ = {isa = PBXFileReference; explicitFileType = wrapper.cfbundle; includeInIndex = 0; path = ProjectCupTests.xctest; sourceTree = BUILT_PRODUCTS_DIR; };
		BB3002F121F42F52009D7519 /* ProjectCupTests.swift */ = {isa = PBXFileReference; lastKnownFileType = sourcecode.swift; path = ProjectCupTests.swift; sourceTree = "<group>"; };
		BB3002F321F42F52009D7519 /* Info.plist */ = {isa = PBXFileReference; lastKnownFileType = text.plist.xml; path = Info.plist; sourceTree = "<group>"; };
		BB3002F821F42F52009D7519 /* ProjectCupUITests.xctest */ = {isa = PBXFileReference; explicitFileType = wrapper.cfbundle; includeInIndex = 0; path = ProjectCupUITests.xctest; sourceTree = BUILT_PRODUCTS_DIR; };
		BB3002FC21F42F52009D7519 /* ProjectCupUITests.swift */ = {isa = PBXFileReference; lastKnownFileType = sourcecode.swift; path = ProjectCupUITests.swift; sourceTree = "<group>"; };
		BB3002FE21F42F52009D7519 /* Info.plist */ = {isa = PBXFileReference; lastKnownFileType = text.plist.xml; path = Info.plist; sourceTree = "<group>"; };
		BB30030A21F42F91009D7519 /* RegisterController.swift */ = {isa = PBXFileReference; lastKnownFileType = sourcecode.swift; path = RegisterController.swift; sourceTree = "<group>"; };
		BB30030D21F430D1009D7519 /* MessagesController.swift */ = {isa = PBXFileReference; lastKnownFileType = sourcecode.swift; path = MessagesController.swift; sourceTree = "<group>"; };
		BB30031821F43266009D7519 /* GoogleService-Info.plist */ = {isa = PBXFileReference; fileEncoding = 4; lastKnownFileType = text.plist.xml; path = "GoogleService-Info.plist"; sourceTree = "<group>"; };
		BB30031C21FD3B5C009D7519 /* NewMessageController.swift */ = {isa = PBXFileReference; lastKnownFileType = sourcecode.swift; path = NewMessageController.swift; sourceTree = "<group>"; };
		BB30031E21FD3BDE009D7519 /* testNewMessageController.swift */ = {isa = PBXFileReference; lastKnownFileType = sourcecode.swift; path = testNewMessageController.swift; sourceTree = "<group>"; };
		BB30032121FD3DD4009D7519 /* User.swift */ = {isa = PBXFileReference; lastKnownFileType = sourcecode.swift; path = User.swift; sourceTree = "<group>"; };
		BB30032421FD589E009D7519 /* Cells.swift */ = {isa = PBXFileReference; lastKnownFileType = sourcecode.swift; name = Cells.swift; path = ProjectCup/Controller/Cells.swift; sourceTree = SOURCE_ROOT; };
		C33E2374155FAF5F8728094A /* Pods-ProjectCup.release.xcconfig */ = {isa = PBXFileReference; includeInIndex = 1; lastKnownFileType = text.xcconfig; name = "Pods-ProjectCup.release.xcconfig"; path = "Pods/Target Support Files/Pods-ProjectCup/Pods-ProjectCup.release.xcconfig"; sourceTree = "<group>"; };
		CBF8664AF8352A4D11B9F02F /* Pods_ProjectCupTests.framework */ = {isa = PBXFileReference; explicitFileType = wrapper.framework; includeInIndex = 0; path = Pods_ProjectCupTests.framework; sourceTree = BUILT_PRODUCTS_DIR; };
		DE08F0D286D2E5960B63C640 /* Pods_ProjectCupUITests.framework */ = {isa = PBXFileReference; explicitFileType = wrapper.framework; includeInIndex = 0; path = Pods_ProjectCupUITests.framework; sourceTree = BUILT_PRODUCTS_DIR; };
/* End PBXFileReference section */

/* Begin PBXFrameworksBuildPhase section */
		BB3002D621F42F50009D7519 /* Frameworks */ = {
			isa = PBXFrameworksBuildPhase;
			buildActionMask = 2147483647;
			files = (
				5AD5BD955E0483DBDE8329DD /* Pods_ProjectCup.framework in Frameworks */,
			);
			runOnlyForDeploymentPostprocessing = 0;
		};
		BB3002EA21F42F52009D7519 /* Frameworks */ = {
			isa = PBXFrameworksBuildPhase;
			buildActionMask = 2147483647;
			files = (
				DA4EA3A6CEADCA64E403993D /* Pods_ProjectCupTests.framework in Frameworks */,
			);
			runOnlyForDeploymentPostprocessing = 0;
		};
		BB3002F521F42F52009D7519 /* Frameworks */ = {
			isa = PBXFrameworksBuildPhase;
			buildActionMask = 2147483647;
			files = (
				7B1BAA2764F6E0D8009433C1 /* Pods_ProjectCupUITests.framework in Frameworks */,
			);
			runOnlyForDeploymentPostprocessing = 0;
		};
/* End PBXFrameworksBuildPhase section */

/* Begin PBXGroup section */
		9F38A1D77F0312CE9B603C2B /* Pods */ = {
			isa = PBXGroup;
			children = (
				390A65A6FD0D24A308ED8308 /* Pods-ProjectCup.debug.xcconfig */,
				C33E2374155FAF5F8728094A /* Pods-ProjectCup.release.xcconfig */,
				B59621434E99519BA165D8C3 /* Pods-ProjectCupTests.debug.xcconfig */,
				94A537E217ED2D897711F768 /* Pods-ProjectCupTests.release.xcconfig */,
				1E1A92CFCCF1D1C38A3CEE04 /* Pods-ProjectCupUITests.debug.xcconfig */,
				B1C5EDED0073A12BA3AB754A /* Pods-ProjectCupUITests.release.xcconfig */,
			);
			name = Pods;
			sourceTree = "<group>";
		};
		BB3002D021F42F50009D7519 = {
			isa = PBXGroup;
			children = (
				BB3002DB21F42F50009D7519 /* ProjectCup */,
				BB3002F021F42F52009D7519 /* ProjectCupTests */,
				BB3002FB21F42F52009D7519 /* ProjectCupUITests */,
				BB3002DA21F42F50009D7519 /* Products */,
				9F38A1D77F0312CE9B603C2B /* Pods */,
				CF583238CD142F6AFA5A20C9 /* Frameworks */,
			);
			sourceTree = "<group>";
		};
		BB3002DA21F42F50009D7519 /* Products */ = {
			isa = PBXGroup;
			children = (
				BB3002D921F42F50009D7519 /* ProjectCup.app */,
				BB3002ED21F42F52009D7519 /* ProjectCupTests.xctest */,
				BB3002F821F42F52009D7519 /* ProjectCupUITests.xctest */,
			);
			name = Products;
			sourceTree = "<group>";
		};
		BB3002DB21F42F50009D7519 /* ProjectCup */ = {
			isa = PBXGroup;
			children = (
				BB30032321FD5813009D7519 /* View */,
				BB30032021FD3DC7009D7519 /* Model */,
				BB30030C21F4302A009D7519 /* Controller */,
				BB3002DC21F42F50009D7519 /* AppDelegate.swift */,
				BB3002E321F42F52009D7519 /* Assets.xcassets */,
				BB3002E521F42F52009D7519 /* LaunchScreen.storyboard */,
				BB3002E821F42F52009D7519 /* Info.plist */,
				BB30031821F43266009D7519 /* GoogleService-Info.plist */,
			);
			path = ProjectCup;
			sourceTree = "<group>";
		};
		BB3002F021F42F52009D7519 /* ProjectCupTests */ = {
			isa = PBXGroup;
			children = (
				BB3002F121F42F52009D7519 /* ProjectCupTests.swift */,
				BB3002F321F42F52009D7519 /* Info.plist */,
			);
			path = ProjectCupTests;
			sourceTree = "<group>";
		};
		BB3002FB21F42F52009D7519 /* ProjectCupUITests */ = {
			isa = PBXGroup;
			children = (
				BB3002FC21F42F52009D7519 /* ProjectCupUITests.swift */,
				BB3002FE21F42F52009D7519 /* Info.plist */,
			);
			path = ProjectCupUITests;
			sourceTree = "<group>";
		};
		BB30030C21F4302A009D7519 /* Controller */ = {
			isa = PBXGroup;
			children = (
				BB30030A21F42F91009D7519 /* RegisterController.swift */,
				BB3002DE21F42F50009D7519 /* LoginController.swift */,
				BB30030D21F430D1009D7519 /* MessagesController.swift */,
				BB30031C21FD3B5C009D7519 /* NewMessageController.swift */,
				BB30031E21FD3BDE009D7519 /* testNewMessageController.swift */,
				BB17C3EE21FE5FCC006C9623 /* SettingController.swift */,
				BB17C3F721FF6619006C9623 /* CellController.swift */,
			);
			path = Controller;
			sourceTree = "<group>";
		};
		BB30032021FD3DC7009D7519 /* Model */ = {
			isa = PBXGroup;
			children = (
				BB30032121FD3DD4009D7519 /* User.swift */,
			);
			path = Model;
			sourceTree = "<group>";
		};
		BB30032321FD5813009D7519 /* View */ = {
			isa = PBXGroup;
			children = (
				BB30032421FD589E009D7519 /* Cells.swift */,
			);
			path = View;
			sourceTree = "<group>";
		};
		CF583238CD142F6AFA5A20C9 /* Frameworks */ = {
			isa = PBXGroup;
			children = (
				258A6484111DF757C95F63A4 /* Pods_ProjectCup.framework */,
				CBF8664AF8352A4D11B9F02F /* Pods_ProjectCupTests.framework */,
				DE08F0D286D2E5960B63C640 /* Pods_ProjectCupUITests.framework */,
			);
			name = Frameworks;
			sourceTree = "<group>";
		};
/* End PBXGroup section */

/* Begin PBXNativeTarget section */
		BB3002D821F42F50009D7519 /* ProjectCup */ = {
			isa = PBXNativeTarget;
			buildConfigurationList = BB30030121F42F52009D7519 /* Build configuration list for PBXNativeTarget "ProjectCup" */;
			buildPhases = (
				DA6BDC276FCC3D236CC6D2D1 /* [CP] Check Pods Manifest.lock */,
				BB3002D521F42F50009D7519 /* Sources */,
				BB3002D621F42F50009D7519 /* Frameworks */,
				BB3002D721F42F50009D7519 /* Resources */,
				8F9D6A77967D1F61779366EF /* [CP] Embed Pods Frameworks */,
				5CF71AC2B48EE755A2284750 /* [CP] Copy Pods Resources */,
			);
			buildRules = (
			);
			dependencies = (
			);
			name = ProjectCup;
			productName = ProjectCup;
			productReference = BB3002D921F42F50009D7519 /* ProjectCup.app */;
			productType = "com.apple.product-type.application";
		};
		BB3002EC21F42F52009D7519 /* ProjectCupTests */ = {
			isa = PBXNativeTarget;
			buildConfigurationList = BB30030421F42F52009D7519 /* Build configuration list for PBXNativeTarget "ProjectCupTests" */;
			buildPhases = (
				1E1F4375F6AACBCF97329476 /* [CP] Check Pods Manifest.lock */,
				BB3002E921F42F52009D7519 /* Sources */,
				BB3002EA21F42F52009D7519 /* Frameworks */,
				BB3002EB21F42F52009D7519 /* Resources */,
			);
			buildRules = (
			);
			dependencies = (
				BB3002EF21F42F52009D7519 /* PBXTargetDependency */,
			);
			name = ProjectCupTests;
			productName = ProjectCupTests;
			productReference = BB3002ED21F42F52009D7519 /* ProjectCupTests.xctest */;
			productType = "com.apple.product-type.bundle.unit-test";
		};
		BB3002F721F42F52009D7519 /* ProjectCupUITests */ = {
			isa = PBXNativeTarget;
			buildConfigurationList = BB30030721F42F52009D7519 /* Build configuration list for PBXNativeTarget "ProjectCupUITests" */;
			buildPhases = (
				72BC05287851CCAE0C20F68E /* [CP] Check Pods Manifest.lock */,
				BB3002F421F42F52009D7519 /* Sources */,
				BB3002F521F42F52009D7519 /* Frameworks */,
				BB3002F621F42F52009D7519 /* Resources */,
			);
			buildRules = (
			);
			dependencies = (
				BB3002FA21F42F52009D7519 /* PBXTargetDependency */,
			);
			name = ProjectCupUITests;
			productName = ProjectCupUITests;
			productReference = BB3002F821F42F52009D7519 /* ProjectCupUITests.xctest */;
			productType = "com.apple.product-type.bundle.ui-testing";
		};
/* End PBXNativeTarget section */

/* Begin PBXProject section */
		BB3002D121F42F50009D7519 /* Project object */ = {
			isa = PBXProject;
			attributes = {
				LastSwiftUpdateCheck = 1010;
				LastUpgradeCheck = 1010;
				ORGANIZATIONNAME = xyy;
				TargetAttributes = {
					BB3002D821F42F50009D7519 = {
						CreatedOnToolsVersion = 10.1;
					};
					BB3002EC21F42F52009D7519 = {
						CreatedOnToolsVersion = 10.1;
						TestTargetID = BB3002D821F42F50009D7519;
					};
					BB3002F721F42F52009D7519 = {
						CreatedOnToolsVersion = 10.1;
						TestTargetID = BB3002D821F42F50009D7519;
					};
				};
			};
			buildConfigurationList = BB3002D421F42F50009D7519 /* Build configuration list for PBXProject "ProjectCup" */;
			compatibilityVersion = "Xcode 9.3";
			developmentRegion = en;
			hasScannedForEncodings = 0;
			knownRegions = (
				en,
				Base,
			);
			mainGroup = BB3002D021F42F50009D7519;
			productRefGroup = BB3002DA21F42F50009D7519 /* Products */;
			projectDirPath = "";
			projectRoot = "";
			targets = (
				BB3002D821F42F50009D7519 /* ProjectCup */,
				BB3002EC21F42F52009D7519 /* ProjectCupTests */,
				BB3002F721F42F52009D7519 /* ProjectCupUITests */,
			);
		};
/* End PBXProject section */

/* Begin PBXResourcesBuildPhase section */
		BB3002D721F42F50009D7519 /* Resources */ = {
			isa = PBXResourcesBuildPhase;
			buildActionMask = 2147483647;
			files = (
				BB3002E721F42F52009D7519 /* LaunchScreen.storyboard in Resources */,
				BB30031921F43266009D7519 /* GoogleService-Info.plist in Resources */,
				BB3002E421F42F52009D7519 /* Assets.xcassets in Resources */,
			);
			runOnlyForDeploymentPostprocessing = 0;
		};
		BB3002EB21F42F52009D7519 /* Resources */ = {
			isa = PBXResourcesBuildPhase;
			buildActionMask = 2147483647;
			files = (
			);
			runOnlyForDeploymentPostprocessing = 0;
		};
		BB3002F621F42F52009D7519 /* Resources */ = {
			isa = PBXResourcesBuildPhase;
			buildActionMask = 2147483647;
			files = (
			);
			runOnlyForDeploymentPostprocessing = 0;
		};
/* End PBXResourcesBuildPhase section */

/* Begin PBXShellScriptBuildPhase section */
		1E1F4375F6AACBCF97329476 /* [CP] Check Pods Manifest.lock */ = {
			isa = PBXShellScriptBuildPhase;
			buildActionMask = 2147483647;
			files = (
			);
			inputFileListPaths = (
			);
			inputPaths = (
				"${PODS_PODFILE_DIR_PATH}/Podfile.lock",
				"${PODS_ROOT}/Manifest.lock",
			);
			name = "[CP] Check Pods Manifest.lock";
			outputFileListPaths = (
			);
			outputPaths = (
				"$(DERIVED_FILE_DIR)/Pods-ProjectCupTests-checkManifestLockResult.txt",
			);
			runOnlyForDeploymentPostprocessing = 0;
			shellPath = /bin/sh;
			shellScript = "diff \"${PODS_PODFILE_DIR_PATH}/Podfile.lock\" \"${PODS_ROOT}/Manifest.lock\" > /dev/null\nif [ $? != 0 ] ; then\n    # print error to STDERR\n    echo \"error: The sandbox is not in sync with the Podfile.lock. Run 'pod install' or update your CocoaPods installation.\" >&2\n    exit 1\nfi\n# This output is used by Xcode 'outputs' to avoid re-running this script phase.\necho \"SUCCESS\" > \"${SCRIPT_OUTPUT_FILE_0}\"\n";
			showEnvVarsInLog = 0;
		};
		5CF71AC2B48EE755A2284750 /* [CP] Copy Pods Resources */ = {
			isa = PBXShellScriptBuildPhase;
			buildActionMask = 2147483647;
			files = (
			);
			inputFileListPaths = (
			);
			inputPaths = (
				"${SRCROOT}/Pods/Target Support Files/Pods-ProjectCup/Pods-ProjectCup-resources.sh",
				"${PODS_CONFIGURATION_BUILD_DIR}/FirebaseFirestore/gRPCCertificates-Firestore.bundle",
			);
			name = "[CP] Copy Pods Resources";
			outputFileListPaths = (
			);
			outputPaths = (
				"${TARGET_BUILD_DIR}/${UNLOCALIZED_RESOURCES_FOLDER_PATH}/gRPCCertificates-Firestore.bundle",
			);
			runOnlyForDeploymentPostprocessing = 0;
			shellPath = /bin/sh;
			shellScript = "\"${SRCROOT}/Pods/Target Support Files/Pods-ProjectCup/Pods-ProjectCup-resources.sh\"\n";
			showEnvVarsInLog = 0;
		};
		72BC05287851CCAE0C20F68E /* [CP] Check Pods Manifest.lock */ = {
			isa = PBXShellScriptBuildPhase;
			buildActionMask = 2147483647;
			files = (
			);
			inputFileListPaths = (
			);
			inputPaths = (
				"${PODS_PODFILE_DIR_PATH}/Podfile.lock",
				"${PODS_ROOT}/Manifest.lock",
			);
			name = "[CP] Check Pods Manifest.lock";
			outputFileListPaths = (
			);
			outputPaths = (
				"$(DERIVED_FILE_DIR)/Pods-ProjectCupUITests-checkManifestLockResult.txt",
			);
			runOnlyForDeploymentPostprocessing = 0;
			shellPath = /bin/sh;
			shellScript = "diff \"${PODS_PODFILE_DIR_PATH}/Podfile.lock\" \"${PODS_ROOT}/Manifest.lock\" > /dev/null\nif [ $? != 0 ] ; then\n    # print error to STDERR\n    echo \"error: The sandbox is not in sync with the Podfile.lock. Run 'pod install' or update your CocoaPods installation.\" >&2\n    exit 1\nfi\n# This output is used by Xcode 'outputs' to avoid re-running this script phase.\necho \"SUCCESS\" > \"${SCRIPT_OUTPUT_FILE_0}\"\n";
			showEnvVarsInLog = 0;
		};
		8F9D6A77967D1F61779366EF /* [CP] Embed Pods Frameworks */ = {
			isa = PBXShellScriptBuildPhase;
			buildActionMask = 2147483647;
			files = (
			);
			inputFileListPaths = (
			);
			inputPaths = (
				"${SRCROOT}/Pods/Target Support Files/Pods-ProjectCup/Pods-ProjectCup-frameworks.sh",
				"${BUILT_PRODUCTS_DIR}/BoringSSL/openssl.framework",
				"${BUILT_PRODUCTS_DIR}/GTMSessionFetcher/GTMSessionFetcher.framework",
				"${BUILT_PRODUCTS_DIR}/GoogleUtilities/GoogleUtilities.framework",
				"${BUILT_PRODUCTS_DIR}/Protobuf/Protobuf.framework",
				"${BUILT_PRODUCTS_DIR}/gRPC-C++/grpcpp.framework",
				"${BUILT_PRODUCTS_DIR}/gRPC-Core/grpc.framework",
				"${BUILT_PRODUCTS_DIR}/leveldb-library/leveldb.framework",
				"${BUILT_PRODUCTS_DIR}/nanopb/nanopb.framework",
			);
			name = "[CP] Embed Pods Frameworks";
			outputFileListPaths = (
			);
			outputPaths = (
				"${TARGET_BUILD_DIR}/${FRAMEWORKS_FOLDER_PATH}/openssl.framework",
				"${TARGET_BUILD_DIR}/${FRAMEWORKS_FOLDER_PATH}/GTMSessionFetcher.framework",
				"${TARGET_BUILD_DIR}/${FRAMEWORKS_FOLDER_PATH}/GoogleUtilities.framework",
				"${TARGET_BUILD_DIR}/${FRAMEWORKS_FOLDER_PATH}/Protobuf.framework",
				"${TARGET_BUILD_DIR}/${FRAMEWORKS_FOLDER_PATH}/grpcpp.framework",
				"${TARGET_BUILD_DIR}/${FRAMEWORKS_FOLDER_PATH}/grpc.framework",
				"${TARGET_BUILD_DIR}/${FRAMEWORKS_FOLDER_PATH}/leveldb.framework",
				"${TARGET_BUILD_DIR}/${FRAMEWORKS_FOLDER_PATH}/nanopb.framework",
			);
			runOnlyForDeploymentPostprocessing = 0;
			shellPath = /bin/sh;
			shellScript = "\"${SRCROOT}/Pods/Target Support Files/Pods-ProjectCup/Pods-ProjectCup-frameworks.sh\"\n";
			showEnvVarsInLog = 0;
		};
		DA6BDC276FCC3D236CC6D2D1 /* [CP] Check Pods Manifest.lock */ = {
			isa = PBXShellScriptBuildPhase;
			buildActionMask = 2147483647;
			files = (
			);
			inputFileListPaths = (
			);
			inputPaths = (
				"${PODS_PODFILE_DIR_PATH}/Podfile.lock",
				"${PODS_ROOT}/Manifest.lock",
			);
			name = "[CP] Check Pods Manifest.lock";
			outputFileListPaths = (
			);
			outputPaths = (
				"$(DERIVED_FILE_DIR)/Pods-ProjectCup-checkManifestLockResult.txt",
			);
			runOnlyForDeploymentPostprocessing = 0;
			shellPath = /bin/sh;
			shellScript = "diff \"${PODS_PODFILE_DIR_PATH}/Podfile.lock\" \"${PODS_ROOT}/Manifest.lock\" > /dev/null\nif [ $? != 0 ] ; then\n    # print error to STDERR\n    echo \"error: The sandbox is not in sync with the Podfile.lock. Run 'pod install' or update your CocoaPods installation.\" >&2\n    exit 1\nfi\n# This output is used by Xcode 'outputs' to avoid re-running this script phase.\necho \"SUCCESS\" > \"${SCRIPT_OUTPUT_FILE_0}\"\n";
			showEnvVarsInLog = 0;
		};
/* End PBXShellScriptBuildPhase section */

/* Begin PBXSourcesBuildPhase section */
		BB3002D521F42F50009D7519 /* Sources */ = {
			isa = PBXSourcesBuildPhase;
			buildActionMask = 2147483647;
			files = (
				BB3002DF21F42F50009D7519 /* LoginController.swift in Sources */,
				BB3002DD21F42F50009D7519 /* AppDelegate.swift in Sources */,
				BB30032221FD3DD4009D7519 /* User.swift in Sources */,
				BB30032521FD589F009D7519 /* Cells.swift in Sources */,
				BB30030B21F42F91009D7519 /* RegisterController.swift in Sources */,
				BB17C3EF21FE5FCC006C9623 /* SettingController.swift in Sources */,
				BB30031F21FD3BDE009D7519 /* testNewMessageController.swift in Sources */,
				BB30031D21FD3B5C009D7519 /* NewMessageController.swift in Sources */,
				BB30030E21F430D1009D7519 /* MessagesController.swift in Sources */,
				BB17C3F821FF6619006C9623 /* CellController.swift in Sources */,
			);
			runOnlyForDeploymentPostprocessing = 0;
		};
		BB3002E921F42F52009D7519 /* Sources */ = {
			isa = PBXSourcesBuildPhase;
			buildActionMask = 2147483647;
			files = (
				BB3002F221F42F52009D7519 /* ProjectCupTests.swift in Sources */,
			);
			runOnlyForDeploymentPostprocessing = 0;
		};
		BB3002F421F42F52009D7519 /* Sources */ = {
			isa = PBXSourcesBuildPhase;
			buildActionMask = 2147483647;
			files = (
				BB3002FD21F42F52009D7519 /* ProjectCupUITests.swift in Sources */,
			);
			runOnlyForDeploymentPostprocessing = 0;
		};
/* End PBXSourcesBuildPhase section */

/* Begin PBXTargetDependency section */
		BB3002EF21F42F52009D7519 /* PBXTargetDependency */ = {
			isa = PBXTargetDependency;
			target = BB3002D821F42F50009D7519 /* ProjectCup */;
			targetProxy = BB3002EE21F42F52009D7519 /* PBXContainerItemProxy */;
		};
		BB3002FA21F42F52009D7519 /* PBXTargetDependency */ = {
			isa = PBXTargetDependency;
			target = BB3002D821F42F50009D7519 /* ProjectCup */;
			targetProxy = BB3002F921F42F52009D7519 /* PBXContainerItemProxy */;
		};
/* End PBXTargetDependency section */

/* Begin PBXVariantGroup section */
		BB3002E521F42F52009D7519 /* LaunchScreen.storyboard */ = {
			isa = PBXVariantGroup;
			children = (
				BB3002E621F42F52009D7519 /* Base */,
			);
			name = LaunchScreen.storyboard;
			sourceTree = "<group>";
		};
/* End PBXVariantGroup section */

/* Begin XCBuildConfiguration section */
		BB3002FF21F42F52009D7519 /* Debug */ = {
			isa = XCBuildConfiguration;
			buildSettings = {
				ALWAYS_SEARCH_USER_PATHS = NO;
				CLANG_ANALYZER_NONNULL = YES;
				CLANG_ANALYZER_NUMBER_OBJECT_CONVERSION = YES_AGGRESSIVE;
				CLANG_CXX_LANGUAGE_STANDARD = "gnu++14";
				CLANG_CXX_LIBRARY = "libc++";
				CLANG_ENABLE_MODULES = YES;
				CLANG_ENABLE_OBJC_ARC = YES;
				CLANG_ENABLE_OBJC_WEAK = YES;
				CLANG_WARN_BLOCK_CAPTURE_AUTORELEASING = YES;
				CLANG_WARN_BOOL_CONVERSION = YES;
				CLANG_WARN_COMMA = YES;
				CLANG_WARN_CONSTANT_CONVERSION = YES;
				CLANG_WARN_DEPRECATED_OBJC_IMPLEMENTATIONS = YES;
				CLANG_WARN_DIRECT_OBJC_ISA_USAGE = YES_ERROR;
				CLANG_WARN_DOCUMENTATION_COMMENTS = YES;
				CLANG_WARN_EMPTY_BODY = YES;
				CLANG_WARN_ENUM_CONVERSION = YES;
				CLANG_WARN_INFINITE_RECURSION = YES;
				CLANG_WARN_INT_CONVERSION = YES;
				CLANG_WARN_NON_LITERAL_NULL_CONVERSION = YES;
				CLANG_WARN_OBJC_IMPLICIT_RETAIN_SELF = YES;
				CLANG_WARN_OBJC_LITERAL_CONVERSION = YES;
				CLANG_WARN_OBJC_ROOT_CLASS = YES_ERROR;
				CLANG_WARN_RANGE_LOOP_ANALYSIS = YES;
				CLANG_WARN_STRICT_PROTOTYPES = YES;
				CLANG_WARN_SUSPICIOUS_MOVE = YES;
				CLANG_WARN_UNGUARDED_AVAILABILITY = YES_AGGRESSIVE;
				CLANG_WARN_UNREACHABLE_CODE = YES;
				CLANG_WARN__DUPLICATE_METHOD_MATCH = YES;
				CODE_SIGN_IDENTITY = "iPhone Developer";
				COPY_PHASE_STRIP = NO;
				DEBUG_INFORMATION_FORMAT = dwarf;
				ENABLE_STRICT_OBJC_MSGSEND = YES;
				ENABLE_TESTABILITY = YES;
				GCC_C_LANGUAGE_STANDARD = gnu11;
				GCC_DYNAMIC_NO_PIC = NO;
				GCC_NO_COMMON_BLOCKS = YES;
				GCC_OPTIMIZATION_LEVEL = 0;
				GCC_PREPROCESSOR_DEFINITIONS = (
					"DEBUG=1",
					"$(inherited)",
				);
				GCC_WARN_64_TO_32_BIT_CONVERSION = YES;
				GCC_WARN_ABOUT_RETURN_TYPE = YES_ERROR;
				GCC_WARN_UNDECLARED_SELECTOR = YES;
				GCC_WARN_UNINITIALIZED_AUTOS = YES_AGGRESSIVE;
				GCC_WARN_UNUSED_FUNCTION = YES;
				GCC_WARN_UNUSED_VARIABLE = YES;
				IPHONEOS_DEPLOYMENT_TARGET = 12.1;
				MTL_ENABLE_DEBUG_INFO = INCLUDE_SOURCE;
				MTL_FAST_MATH = YES;
				ONLY_ACTIVE_ARCH = YES;
				SDKROOT = iphoneos;
				SWIFT_ACTIVE_COMPILATION_CONDITIONS = DEBUG;
				SWIFT_OPTIMIZATION_LEVEL = "-Onone";
			};
			name = Debug;
		};
		BB30030021F42F52009D7519 /* Release */ = {
			isa = XCBuildConfiguration;
			buildSettings = {
				ALWAYS_SEARCH_USER_PATHS = NO;
				CLANG_ANALYZER_NONNULL = YES;
				CLANG_ANALYZER_NUMBER_OBJECT_CONVERSION = YES_AGGRESSIVE;
				CLANG_CXX_LANGUAGE_STANDARD = "gnu++14";
				CLANG_CXX_LIBRARY = "libc++";
				CLANG_ENABLE_MODULES = YES;
				CLANG_ENABLE_OBJC_ARC = YES;
				CLANG_ENABLE_OBJC_WEAK = YES;
				CLANG_WARN_BLOCK_CAPTURE_AUTORELEASING = YES;
				CLANG_WARN_BOOL_CONVERSION = YES;
				CLANG_WARN_COMMA = YES;
				CLANG_WARN_CONSTANT_CONVERSION = YES;
				CLANG_WARN_DEPRECATED_OBJC_IMPLEMENTATIONS = YES;
				CLANG_WARN_DIRECT_OBJC_ISA_USAGE = YES_ERROR;
				CLANG_WARN_DOCUMENTATION_COMMENTS = YES;
				CLANG_WARN_EMPTY_BODY = YES;
				CLANG_WARN_ENUM_CONVERSION = YES;
				CLANG_WARN_INFINITE_RECURSION = YES;
				CLANG_WARN_INT_CONVERSION = YES;
				CLANG_WARN_NON_LITERAL_NULL_CONVERSION = YES;
				CLANG_WARN_OBJC_IMPLICIT_RETAIN_SELF = YES;
				CLANG_WARN_OBJC_LITERAL_CONVERSION = YES;
				CLANG_WARN_OBJC_ROOT_CLASS = YES_ERROR;
				CLANG_WARN_RANGE_LOOP_ANALYSIS = YES;
				CLANG_WARN_STRICT_PROTOTYPES = YES;
				CLANG_WARN_SUSPICIOUS_MOVE = YES;
				CLANG_WARN_UNGUARDED_AVAILABILITY = YES_AGGRESSIVE;
				CLANG_WARN_UNREACHABLE_CODE = YES;
				CLANG_WARN__DUPLICATE_METHOD_MATCH = YES;
				CODE_SIGN_IDENTITY = "iPhone Developer";
				COPY_PHASE_STRIP = NO;
				DEBUG_INFORMATION_FORMAT = "dwarf-with-dsym";
				ENABLE_NS_ASSERTIONS = NO;
				ENABLE_STRICT_OBJC_MSGSEND = YES;
				GCC_C_LANGUAGE_STANDARD = gnu11;
				GCC_NO_COMMON_BLOCKS = YES;
				GCC_WARN_64_TO_32_BIT_CONVERSION = YES;
				GCC_WARN_ABOUT_RETURN_TYPE = YES_ERROR;
				GCC_WARN_UNDECLARED_SELECTOR = YES;
				GCC_WARN_UNINITIALIZED_AUTOS = YES_AGGRESSIVE;
				GCC_WARN_UNUSED_FUNCTION = YES;
				GCC_WARN_UNUSED_VARIABLE = YES;
				IPHONEOS_DEPLOYMENT_TARGET = 12.1;
				MTL_ENABLE_DEBUG_INFO = NO;
				MTL_FAST_MATH = YES;
				SDKROOT = iphoneos;
				SWIFT_COMPILATION_MODE = wholemodule;
				SWIFT_OPTIMIZATION_LEVEL = "-O";
				VALIDATE_PRODUCT = YES;
			};
			name = Release;
		};
		BB30030221F42F52009D7519 /* Debug */ = {
			isa = XCBuildConfiguration;
			baseConfigurationReference = 390A65A6FD0D24A308ED8308 /* Pods-ProjectCup.debug.xcconfig */;
			buildSettings = {
				ASSETCATALOG_COMPILER_APPICON_NAME = AppIcon;
				CODE_SIGN_STYLE = Automatic;
				INFOPLIST_FILE = ProjectCup/Info.plist;
				LD_RUNPATH_SEARCH_PATHS = (
					"$(inherited)",
					"@executable_path/Frameworks",
				);
				PRODUCT_BUNDLE_IDENTIFIER = xyy.ProjectCup;
				PRODUCT_NAME = "$(TARGET_NAME)";
				SWIFT_VERSION = 4.2;
				TARGETED_DEVICE_FAMILY = "1,2";
			};
			name = Debug;
		};
		BB30030321F42F52009D7519 /* Release */ = {
			isa = XCBuildConfiguration;
			baseConfigurationReference = C33E2374155FAF5F8728094A /* Pods-ProjectCup.release.xcconfig */;
			buildSettings = {
				ASSETCATALOG_COMPILER_APPICON_NAME = AppIcon;
				CODE_SIGN_STYLE = Automatic;
				INFOPLIST_FILE = ProjectCup/Info.plist;
				LD_RUNPATH_SEARCH_PATHS = (
					"$(inherited)",
					"@executable_path/Frameworks",
				);
				PRODUCT_BUNDLE_IDENTIFIER = xyy.ProjectCup;
				PRODUCT_NAME = "$(TARGET_NAME)";
				SWIFT_VERSION = 4.2;
				TARGETED_DEVICE_FAMILY = "1,2";
			};
			name = Release;
		};
		BB30030521F42F52009D7519 /* Debug */ = {
			isa = XCBuildConfiguration;
			baseConfigurationReference = B59621434E99519BA165D8C3 /* Pods-ProjectCupTests.debug.xcconfig */;
			buildSettings = {
				ALWAYS_EMBED_SWIFT_STANDARD_LIBRARIES = YES;
				BUNDLE_LOADER = "$(TEST_HOST)";
				CODE_SIGN_STYLE = Automatic;
				INFOPLIST_FILE = ProjectCupTests/Info.plist;
				LD_RUNPATH_SEARCH_PATHS = (
					"$(inherited)",
					"@executable_path/Frameworks",
					"@loader_path/Frameworks",
				);
				PRODUCT_BUNDLE_IDENTIFIER = xyy.ProjectCupTests;
				PRODUCT_NAME = "$(TARGET_NAME)";
				SWIFT_VERSION = 4.2;
				TARGETED_DEVICE_FAMILY = "1,2";
				TEST_HOST = "$(BUILT_PRODUCTS_DIR)/ProjectCup.app/ProjectCup";
			};
			name = Debug;
		};
		BB30030621F42F52009D7519 /* Release */ = {
			isa = XCBuildConfiguration;
			baseConfigurationReference = 94A537E217ED2D897711F768 /* Pods-ProjectCupTests.release.xcconfig */;
			buildSettings = {
				ALWAYS_EMBED_SWIFT_STANDARD_LIBRARIES = YES;
				BUNDLE_LOADER = "$(TEST_HOST)";
				CODE_SIGN_STYLE = Automatic;
				INFOPLIST_FILE = ProjectCupTests/Info.plist;
				LD_RUNPATH_SEARCH_PATHS = (
					"$(inherited)",
					"@executable_path/Frameworks",
					"@loader_path/Frameworks",
				);
				PRODUCT_BUNDLE_IDENTIFIER = xyy.ProjectCupTests;
				PRODUCT_NAME = "$(TARGET_NAME)";
				SWIFT_VERSION = 4.2;
				TARGETED_DEVICE_FAMILY = "1,2";
				TEST_HOST = "$(BUILT_PRODUCTS_DIR)/ProjectCup.app/ProjectCup";
			};
			name = Release;
		};
		BB30030821F42F52009D7519 /* Debug */ = {
			isa = XCBuildConfiguration;
			baseConfigurationReference = 1E1A92CFCCF1D1C38A3CEE04 /* Pods-ProjectCupUITests.debug.xcconfig */;
			buildSettings = {
				ALWAYS_EMBED_SWIFT_STANDARD_LIBRARIES = YES;
				CODE_SIGN_STYLE = Automatic;
				INFOPLIST_FILE = ProjectCupUITests/Info.plist;
				LD_RUNPATH_SEARCH_PATHS = (
					"$(inherited)",
					"@executable_path/Frameworks",
					"@loader_path/Frameworks",
				);
				PRODUCT_BUNDLE_IDENTIFIER = xyy.ProjectCupUITests;
				PRODUCT_NAME = "$(TARGET_NAME)";
				SWIFT_VERSION = 4.2;
				TARGETED_DEVICE_FAMILY = "1,2";
				TEST_TARGET_NAME = ProjectCup;
			};
			name = Debug;
		};
		BB30030921F42F52009D7519 /* Release */ = {
			isa = XCBuildConfiguration;
			baseConfigurationReference = B1C5EDED0073A12BA3AB754A /* Pods-ProjectCupUITests.release.xcconfig */;
			buildSettings = {
				ALWAYS_EMBED_SWIFT_STANDARD_LIBRARIES = YES;
				CODE_SIGN_STYLE = Automatic;
				INFOPLIST_FILE = ProjectCupUITests/Info.plist;
				LD_RUNPATH_SEARCH_PATHS = (
					"$(inherited)",
					"@executable_path/Frameworks",
					"@loader_path/Frameworks",
				);
				PRODUCT_BUNDLE_IDENTIFIER = xyy.ProjectCupUITests;
				PRODUCT_NAME = "$(TARGET_NAME)";
				SWIFT_VERSION = 4.2;
				TARGETED_DEVICE_FAMILY = "1,2";
				TEST_TARGET_NAME = ProjectCup;
			};
			name = Release;
		};
/* End XCBuildConfiguration section */

/* Begin XCConfigurationList section */
		BB3002D421F42F50009D7519 /* Build configuration list for PBXProject "ProjectCup" */ = {
			isa = XCConfigurationList;
			buildConfigurations = (
				BB3002FF21F42F52009D7519 /* Debug */,
				BB30030021F42F52009D7519 /* Release */,
			);
			defaultConfigurationIsVisible = 0;
			defaultConfigurationName = Release;
		};
		BB30030121F42F52009D7519 /* Build configuration list for PBXNativeTarget "ProjectCup" */ = {
			isa = XCConfigurationList;
			buildConfigurations = (
				BB30030221F42F52009D7519 /* Debug */,
				BB30030321F42F52009D7519 /* Release */,
			);
			defaultConfigurationIsVisible = 0;
			defaultConfigurationName = Release;
		};
		BB30030421F42F52009D7519 /* Build configuration list for PBXNativeTarget "ProjectCupTests" */ = {
			isa = XCConfigurationList;
			buildConfigurations = (
				BB30030521F42F52009D7519 /* Debug */,
				BB30030621F42F52009D7519 /* Release */,
			);
			defaultConfigurationIsVisible = 0;
			defaultConfigurationName = Release;
		};
		BB30030721F42F52009D7519 /* Build configuration list for PBXNativeTarget "ProjectCupUITests" */ = {
			isa = XCConfigurationList;
			buildConfigurations = (
				BB30030821F42F52009D7519 /* Debug */,
				BB30030921F42F52009D7519 /* Release */,
			);
			defaultConfigurationIsVisible = 0;
			defaultConfigurationName = Release;
		};
/* End XCConfigurationList section */
	};
	rootObject = BB3002D121F42F50009D7519 /* Project object */;
}
